// !$*UTF8*$!
{
	archiveVersion = 1;
	classes = {
	};
	objectVersion = 56;
	objects = {

/* Begin PBXBuildFile section */
		B042C3B92C88A6A200674B5D /* DeleteDayUseCase.swift in Sources */ = {isa = PBXBuildFile; fileRef = B042C3B82C88A6A200674B5D /* DeleteDayUseCase.swift */; };
		B042C3BD2C88D67000674B5D /* ImageHelperService.swift in Sources */ = {isa = PBXBuildFile; fileRef = B042C3BC2C88D67000674B5D /* ImageHelperService.swift */; };
		B043825F2C7E217000AC21E4 /* TripJournalApp.swift in Sources */ = {isa = PBXBuildFile; fileRef = B043825E2C7E217000AC21E4 /* TripJournalApp.swift */; };
		B04382612C7E217000AC21E4 /* TripTimelineView.swift in Sources */ = {isa = PBXBuildFile; fileRef = B04382602C7E217000AC21E4 /* TripTimelineView.swift */; };
		B04382632C7E217500AC21E4 /* Assets.xcassets in Resources */ = {isa = PBXBuildFile; fileRef = B04382622C7E217500AC21E4 /* Assets.xcassets */; };
		B04382662C7E217500AC21E4 /* Preview Assets.xcassets in Resources */ = {isa = PBXBuildFile; fileRef = B04382652C7E217500AC21E4 /* Preview Assets.xcassets */; };
		B043826E2C7E222E00AC21E4 /* ContentItem.swift in Sources */ = {isa = PBXBuildFile; fileRef = B043826D2C7E222E00AC21E4 /* ContentItem.swift */; };
		B04382702C7E23F000AC21E4 /* Day.swift in Sources */ = {isa = PBXBuildFile; fileRef = B043826F2C7E23F000AC21E4 /* Day.swift */; };
		B04382742C7E268600AC21E4 /* Trip.swift in Sources */ = {isa = PBXBuildFile; fileRef = B04382732C7E268600AC21E4 /* Trip.swift */; };
		B04382782C7E31E900AC21E4 /* ViewTripTimelineUseCase.swift in Sources */ = {isa = PBXBuildFile; fileRef = B04382772C7E31E900AC21E4 /* ViewTripTimelineUseCase.swift */; };
		B043827A2C7E3D5500AC21E4 /* TripSequenceViewModel.swift in Sources */ = {isa = PBXBuildFile; fileRef = B04382792C7E3D5500AC21E4 /* TripSequenceViewModel.swift */; };
		B043827D2C7E5C7E00AC21E4 /* TripView.swift in Sources */ = {isa = PBXBuildFile; fileRef = B043827C2C7E5C7E00AC21E4 /* TripView.swift */; };
		B04382802C7E5EE400AC21E4 /* TripViewModel.swift in Sources */ = {isa = PBXBuildFile; fileRef = B043827F2C7E5EE400AC21E4 /* TripViewModel.swift */; };
		B04382822C7E5F7F00AC21E4 /* ViewDaySequenceUseCase.swift in Sources */ = {isa = PBXBuildFile; fileRef = B04382812C7E5F7F00AC21E4 /* ViewDaySequenceUseCase.swift */; };
		B04382852C7EC1F500AC21E4 /* Date+SecondsForDays.swift in Sources */ = {isa = PBXBuildFile; fileRef = B04382842C7EC1F500AC21E4 /* Date+SecondsForDays.swift */; };
		B04382872C7EC70A00AC21E4 /* PreviewHelper.swift in Sources */ = {isa = PBXBuildFile; fileRef = B04382862C7EC70A00AC21E4 /* PreviewHelper.swift */; };
		B04382892C7ED19800AC21E4 /* DayView.swift in Sources */ = {isa = PBXBuildFile; fileRef = B04382882C7ED19800AC21E4 /* DayView.swift */; };
		B043828B2C7F656700AC21E4 /* DayViewModel.swift in Sources */ = {isa = PBXBuildFile; fileRef = B043828A2C7F656700AC21E4 /* DayViewModel.swift */; };
		B043828D2C7F659C00AC21E4 /* ViewContentSequenceUseCase.swift in Sources */ = {isa = PBXBuildFile; fileRef = B043828C2C7F659C00AC21E4 /* ViewContentSequenceUseCase.swift */; };
		B043828F2C7F703E00AC21E4 /* SaveTripUseCase.swift in Sources */ = {isa = PBXBuildFile; fileRef = B043828E2C7F703E00AC21E4 /* SaveTripUseCase.swift */; };
		B04382942C7F963F00AC21E4 /* RealmSwift in Frameworks */ = {isa = PBXBuildFile; productRef = B04382932C7F963F00AC21E4 /* RealmSwift */; };
		B04382972C7F970900AC21E4 /* TripObjectModel.swift in Sources */ = {isa = PBXBuildFile; fileRef = B04382962C7F970900AC21E4 /* TripObjectModel.swift */; };
		B043829B2C7F9A2D00AC21E4 /* DayObjectModel.swift in Sources */ = {isa = PBXBuildFile; fileRef = B043829A2C7F9A2D00AC21E4 /* DayObjectModel.swift */; };
		B043829F2C7F9C8800AC21E4 /* ContentObjectModel.swift in Sources */ = {isa = PBXBuildFile; fileRef = B043829E2C7F9C8800AC21E4 /* ContentObjectModel.swift */; };
		B04382A32C7FAC6600AC21E4 /* RealmDataService.swift in Sources */ = {isa = PBXBuildFile; fileRef = B04382A22C7FAC6600AC21E4 /* RealmDataService.swift */; };
		B04382A82C82646A00AC21E4 /* Router.swift in Sources */ = {isa = PBXBuildFile; fileRef = B04382A72C82646A00AC21E4 /* Router.swift */; };
		B04382B32C850F5600AC21E4 /* ViewTripTimelineExampleUseCase.swift in Sources */ = {isa = PBXBuildFile; fileRef = B04382B22C850F5600AC21E4 /* ViewTripTimelineExampleUseCase.swift */; };
		B04382B62C85129000AC21E4 /* TripObjectModel+toTrip.swift in Sources */ = {isa = PBXBuildFile; fileRef = B04382B52C85128F00AC21E4 /* TripObjectModel+toTrip.swift */; };
		B04382BE2C86318A00AC21E4 /* TripJournalUnitTests.swift in Sources */ = {isa = PBXBuildFile; fileRef = B04382BD2C86318A00AC21E4 /* TripJournalUnitTests.swift */; };
		B04382C52C8631C100AC21E4 /* TripSequence_Tests.swift in Sources */ = {isa = PBXBuildFile; fileRef = B04382C42C8631C100AC21E4 /* TripSequence_Tests.swift */; };
		B04382E32C879B1900AC21E4 /* DaySequenceViewModel.swift in Sources */ = {isa = PBXBuildFile; fileRef = B04382E22C879B1800AC21E4 /* DaySequenceViewModel.swift */; };
		B04382E52C879C4800AC21E4 /* DeleteTripUseCase.swift in Sources */ = {isa = PBXBuildFile; fileRef = B04382E42C879C4800AC21E4 /* DeleteTripUseCase.swift */; };
		B04382E72C87A40800AC21E4 /* DayObjectModel+toDay.swift in Sources */ = {isa = PBXBuildFile; fileRef = B04382E62C87A40700AC21E4 /* DayObjectModel+toDay.swift */; };
		B04382E92C87B11700AC21E4 /* SaveDayUseCase.swift in Sources */ = {isa = PBXBuildFile; fileRef = B04382E82C87B11700AC21E4 /* SaveDayUseCase.swift */; };
		B081EC292C8B79B100F26607 /* FetchTripUseCase-Delete.swift in Sources */ = {isa = PBXBuildFile; fileRef = B081EC282C8B79B100F26607 /* FetchTripUseCase-Delete.swift */; };
		B081EC2C2C8B81EE00F26607 /* PhotoDataProviderProtocol.swift in Sources */ = {isa = PBXBuildFile; fileRef = B081EC2B2C8B81EE00F26607 /* PhotoDataProviderProtocol.swift */; };
		B081EC2E2C8B87E100F26607 /* CoverPhotoPickerView.swift in Sources */ = {isa = PBXBuildFile; fileRef = B081EC2D2C8B87E100F26607 /* CoverPhotoPickerView.swift */; };
		B081EC302C8BCE5700F26607 /* ContentSequenceViewModel.swift in Sources */ = {isa = PBXBuildFile; fileRef = B081EC2F2C8BCE5700F26607 /* ContentSequenceViewModel.swift */; };
		B081EC322C8C90C500F26607 /* ContentObjectModel+toContentItem.swift in Sources */ = {isa = PBXBuildFile; fileRef = B081EC312C8C90C500F26607 /* ContentObjectModel+toContentItem.swift */; };
		B081EC342C8CACA100F26607 /* SaveContentUseCase.swift in Sources */ = {isa = PBXBuildFile; fileRef = B081EC332C8CACA100F26607 /* SaveContentUseCase.swift */; };
		B081EC362C8CD2DA00F26607 /* ContentView.swift in Sources */ = {isa = PBXBuildFile; fileRef = B081EC352C8CD2DA00F26607 /* ContentView.swift */; };
		B081EC382C8E3A9400F26607 /* TripHeaderView.swift in Sources */ = {isa = PBXBuildFile; fileRef = B081EC372C8E3A9400F26607 /* TripHeaderView.swift */; };
		B081EC3A2C8E3C0D00F26607 /* TripSummaryView.swift in Sources */ = {isa = PBXBuildFile; fileRef = B081EC392C8E3C0D00F26607 /* TripSummaryView.swift */; };
		B081EC3D2C8E3CE100F26607 /* Preview-ViewTripTimelineUseCase.swift in Sources */ = {isa = PBXBuildFile; fileRef = B081EC3C2C8E3CE100F26607 /* Preview-ViewTripTimelineUseCase.swift */; };
		B0D09E2C2C8F767A003AA492 /* DaySequenceItemView.swift in Sources */ = {isa = PBXBuildFile; fileRef = B0D09E2B2C8F767A003AA492 /* DaySequenceItemView.swift */; };
		B0D09E2E2C8F854E003AA492 /* Calendar+daysBetween.swift in Sources */ = {isa = PBXBuildFile; fileRef = B0D09E2D2C8F854E003AA492 /* Calendar+daysBetween.swift */; };
		B0D09E312C907F1D003AA492 /* BackButton.swift in Sources */ = {isa = PBXBuildFile; fileRef = B0D09E302C907F1D003AA492 /* BackButton.swift */; };
		B0D09E332C907FCC003AA492 /* AddItemButton.swift in Sources */ = {isa = PBXBuildFile; fileRef = B0D09E322C907FCC003AA492 /* AddItemButton.swift */; };
		B0D09E352C90802C003AA492 /* DeleteButton.swift in Sources */ = {isa = PBXBuildFile; fileRef = B0D09E342C90802C003AA492 /* DeleteButton.swift */; };
		B0D09E372C9080BF003AA492 /* CancelButton.swift in Sources */ = {isa = PBXBuildFile; fileRef = B0D09E362C9080BF003AA492 /* CancelButton.swift */; };
		B0D09E392C908160003AA492 /* SaveButton.swift in Sources */ = {isa = PBXBuildFile; fileRef = B0D09E382C908160003AA492 /* SaveButton.swift */; };
		B0D09E3B2C9081B4003AA492 /* EditItemButton.swift in Sources */ = {isa = PBXBuildFile; fileRef = B0D09E3A2C9081B4003AA492 /* EditItemButton.swift */; };
		B0D09E3D2C90AD3E003AA492 /* ContentViewModel.swift in Sources */ = {isa = PBXBuildFile; fileRef = B0D09E3C2C90AD3E003AA492 /* ContentViewModel.swift */; };
		B0D09E3F2C91EBB0003AA492 /* ContentSequenceView.swift in Sources */ = {isa = PBXBuildFile; fileRef = B0D09E3E2C91EBB0003AA492 /* ContentSequenceView.swift */; };
		B0D09E412C91F075003AA492 /* DeleteContentUseCase.swift in Sources */ = {isa = PBXBuildFile; fileRef = B0D09E402C91F075003AA492 /* DeleteContentUseCase.swift */; };
		B0D09E432C9208AA003AA492 /* ImageLoadingView.swift in Sources */ = {isa = PBXBuildFile; fileRef = B0D09E422C9208AA003AA492 /* ImageLoadingView.swift */; };
		B0D09E452C920960003AA492 /* ImageMissingView.swift in Sources */ = {isa = PBXBuildFile; fileRef = B0D09E442C920960003AA492 /* ImageMissingView.swift */; };
		B0D09E472C960D27003AA492 /* DaySequenceView.swift in Sources */ = {isa = PBXBuildFile; fileRef = B0D09E462C960D27003AA492 /* DaySequenceView.swift */; };
		B0D09E492C961103003AA492 /* DayHeaderView.swift in Sources */ = {isa = PBXBuildFile; fileRef = B0D09E482C961103003AA492 /* DayHeaderView.swift */; };
		B0D09E4E2C96152C003AA492 /* ContentTextView.swift in Sources */ = {isa = PBXBuildFile; fileRef = B0D09E4D2C96152C003AA492 /* ContentTextView.swift */; };
		B0D09E502C9615F3003AA492 /* ContentPhotoView.swift in Sources */ = {isa = PBXBuildFile; fileRef = B0D09E4F2C9615F3003AA492 /* ContentPhotoView.swift */; };
		B0E534E12CADDA0900D23B8B /* ViewContentSequenceExampleUseCase.swift in Sources */ = {isa = PBXBuildFile; fileRef = B0E534E02CADDA0900D23B8B /* ViewContentSequenceExampleUseCase.swift */; };
		B0E534E32CB02B8000D23B8B /* SearchButton.swift in Sources */ = {isa = PBXBuildFile; fileRef = B0E534E22CB02B8000D23B8B /* SearchButton.swift */; };
		B0E534E52CB02BB400D23B8B /* ProfileButton.swift in Sources */ = {isa = PBXBuildFile; fileRef = B0E534E42CB02BB400D23B8B /* ProfileButton.swift */; };
		B0E534E72CB02CD600D23B8B /* TripYearView.swift in Sources */ = {isa = PBXBuildFile; fileRef = B0E534E62CB02CD600D23B8B /* TripYearView.swift */; };
		B0E534E92CB02D4500D23B8B /* TripYearHeaderView.swift in Sources */ = {isa = PBXBuildFile; fileRef = B0E534E82CB02D4500D23B8B /* TripYearHeaderView.swift */; };
		B0E534EC2CB809C100D23B8B /* ContentItem+ViewModel.swift in Sources */ = {isa = PBXBuildFile; fileRef = B0E534EB2CB809C100D23B8B /* ContentItem+ViewModel.swift */; };
		B0E534EE2CB80A0C00D23B8B /* Trip+ViewModel.swift in Sources */ = {isa = PBXBuildFile; fileRef = B0E534ED2CB80A0C00D23B8B /* Trip+ViewModel.swift */; };
		B0E534F02CB80A3500D23B8B /* Day+ViewModel.swift in Sources */ = {isa = PBXBuildFile; fileRef = B0E534EF2CB80A3500D23B8B /* Day+ViewModel.swift */; };
		B0E534F22CB80ABB00D23B8B /* TripUpdateDelegateProtocol.swift in Sources */ = {isa = PBXBuildFile; fileRef = B0E534F12CB80ABB00D23B8B /* TripUpdateDelegateProtocol.swift */; };
		B0E534F42CBB47DD00D23B8B /* ContentChangeDelegateProtocol.swift in Sources */ = {isa = PBXBuildFile; fileRef = B0E534F32CBB47DC00D23B8B /* ContentChangeDelegateProtocol.swift */; };
/* End PBXBuildFile section */

/* Begin PBXContainerItemProxy section */
		B04382BF2C86318A00AC21E4 /* PBXContainerItemProxy */ = {
			isa = PBXContainerItemProxy;
			containerPortal = B04382532C7E216E00AC21E4 /* Project object */;
			proxyType = 1;
			remoteGlobalIDString = B043825A2C7E216E00AC21E4;
			remoteInfo = TripJournal;
		};
/* End PBXContainerItemProxy section */

/* Begin PBXFileReference section */
		B042C3B82C88A6A200674B5D /* DeleteDayUseCase.swift */ = {isa = PBXFileReference; lastKnownFileType = sourcecode.swift; path = DeleteDayUseCase.swift; sourceTree = "<group>"; };
		B042C3BC2C88D67000674B5D /* ImageHelperService.swift */ = {isa = PBXFileReference; lastKnownFileType = sourcecode.swift; path = ImageHelperService.swift; sourceTree = "<group>"; };
		B043825B2C7E216F00AC21E4 /* TripJournal.app */ = {isa = PBXFileReference; explicitFileType = wrapper.application; includeInIndex = 0; path = TripJournal.app; sourceTree = BUILT_PRODUCTS_DIR; };
		B043825E2C7E217000AC21E4 /* TripJournalApp.swift */ = {isa = PBXFileReference; lastKnownFileType = sourcecode.swift; path = TripJournalApp.swift; sourceTree = "<group>"; };
		B04382602C7E217000AC21E4 /* TripTimelineView.swift */ = {isa = PBXFileReference; lastKnownFileType = sourcecode.swift; path = TripTimelineView.swift; sourceTree = "<group>"; };
		B04382622C7E217500AC21E4 /* Assets.xcassets */ = {isa = PBXFileReference; lastKnownFileType = folder.assetcatalog; path = Assets.xcassets; sourceTree = "<group>"; };
		B04382652C7E217500AC21E4 /* Preview Assets.xcassets */ = {isa = PBXFileReference; lastKnownFileType = folder.assetcatalog; path = "Preview Assets.xcassets"; sourceTree = "<group>"; };
		B043826D2C7E222E00AC21E4 /* ContentItem.swift */ = {isa = PBXFileReference; lastKnownFileType = sourcecode.swift; path = ContentItem.swift; sourceTree = "<group>"; };
		B043826F2C7E23F000AC21E4 /* Day.swift */ = {isa = PBXFileReference; lastKnownFileType = sourcecode.swift; path = Day.swift; sourceTree = "<group>"; };
		B04382732C7E268600AC21E4 /* Trip.swift */ = {isa = PBXFileReference; lastKnownFileType = sourcecode.swift; path = Trip.swift; sourceTree = "<group>"; };
		B04382772C7E31E900AC21E4 /* ViewTripTimelineUseCase.swift */ = {isa = PBXFileReference; lastKnownFileType = sourcecode.swift; path = ViewTripTimelineUseCase.swift; sourceTree = "<group>"; };
		B04382792C7E3D5500AC21E4 /* TripSequenceViewModel.swift */ = {isa = PBXFileReference; lastKnownFileType = sourcecode.swift; path = TripSequenceViewModel.swift; sourceTree = "<group>"; };
		B043827C2C7E5C7E00AC21E4 /* TripView.swift */ = {isa = PBXFileReference; lastKnownFileType = sourcecode.swift; path = TripView.swift; sourceTree = "<group>"; };
		B043827F2C7E5EE400AC21E4 /* TripViewModel.swift */ = {isa = PBXFileReference; lastKnownFileType = sourcecode.swift; path = TripViewModel.swift; sourceTree = "<group>"; };
		B04382812C7E5F7F00AC21E4 /* ViewDaySequenceUseCase.swift */ = {isa = PBXFileReference; lastKnownFileType = sourcecode.swift; path = ViewDaySequenceUseCase.swift; sourceTree = "<group>"; };
		B04382842C7EC1F500AC21E4 /* Date+SecondsForDays.swift */ = {isa = PBXFileReference; lastKnownFileType = sourcecode.swift; path = "Date+SecondsForDays.swift"; sourceTree = "<group>"; };
		B04382862C7EC70A00AC21E4 /* PreviewHelper.swift */ = {isa = PBXFileReference; lastKnownFileType = sourcecode.swift; path = PreviewHelper.swift; sourceTree = "<group>"; };
		B04382882C7ED19800AC21E4 /* DayView.swift */ = {isa = PBXFileReference; lastKnownFileType = sourcecode.swift; path = DayView.swift; sourceTree = "<group>"; };
		B043828A2C7F656700AC21E4 /* DayViewModel.swift */ = {isa = PBXFileReference; lastKnownFileType = sourcecode.swift; path = DayViewModel.swift; sourceTree = "<group>"; };
		B043828C2C7F659C00AC21E4 /* ViewContentSequenceUseCase.swift */ = {isa = PBXFileReference; lastKnownFileType = sourcecode.swift; path = ViewContentSequenceUseCase.swift; sourceTree = "<group>"; };
		B043828E2C7F703E00AC21E4 /* SaveTripUseCase.swift */ = {isa = PBXFileReference; lastKnownFileType = sourcecode.swift; path = SaveTripUseCase.swift; sourceTree = "<group>"; };
		B04382962C7F970900AC21E4 /* TripObjectModel.swift */ = {isa = PBXFileReference; lastKnownFileType = sourcecode.swift; path = TripObjectModel.swift; sourceTree = "<group>"; };
		B043829A2C7F9A2D00AC21E4 /* DayObjectModel.swift */ = {isa = PBXFileReference; lastKnownFileType = sourcecode.swift; path = DayObjectModel.swift; sourceTree = "<group>"; };
		B043829E2C7F9C8800AC21E4 /* ContentObjectModel.swift */ = {isa = PBXFileReference; lastKnownFileType = sourcecode.swift; path = ContentObjectModel.swift; sourceTree = "<group>"; };
		B04382A22C7FAC6600AC21E4 /* RealmDataService.swift */ = {isa = PBXFileReference; lastKnownFileType = sourcecode.swift; path = RealmDataService.swift; sourceTree = "<group>"; };
		B04382A72C82646A00AC21E4 /* Router.swift */ = {isa = PBXFileReference; lastKnownFileType = sourcecode.swift; path = Router.swift; sourceTree = "<group>"; };
		B04382B22C850F5600AC21E4 /* ViewTripTimelineExampleUseCase.swift */ = {isa = PBXFileReference; lastKnownFileType = sourcecode.swift; path = ViewTripTimelineExampleUseCase.swift; sourceTree = "<group>"; };
		B04382B52C85128F00AC21E4 /* TripObjectModel+toTrip.swift */ = {isa = PBXFileReference; lastKnownFileType = sourcecode.swift; path = "TripObjectModel+toTrip.swift"; sourceTree = "<group>"; };
		B04382BB2C86318900AC21E4 /* TripJournalUnitTests.xctest */ = {isa = PBXFileReference; explicitFileType = wrapper.cfbundle; includeInIndex = 0; path = TripJournalUnitTests.xctest; sourceTree = BUILT_PRODUCTS_DIR; };
		B04382BD2C86318A00AC21E4 /* TripJournalUnitTests.swift */ = {isa = PBXFileReference; lastKnownFileType = sourcecode.swift; path = TripJournalUnitTests.swift; sourceTree = "<group>"; };
		B04382C42C8631C100AC21E4 /* TripSequence_Tests.swift */ = {isa = PBXFileReference; lastKnownFileType = sourcecode.swift; path = TripSequence_Tests.swift; sourceTree = "<group>"; };
		B04382E22C879B1800AC21E4 /* DaySequenceViewModel.swift */ = {isa = PBXFileReference; lastKnownFileType = sourcecode.swift; path = DaySequenceViewModel.swift; sourceTree = "<group>"; };
		B04382E42C879C4800AC21E4 /* DeleteTripUseCase.swift */ = {isa = PBXFileReference; lastKnownFileType = sourcecode.swift; path = DeleteTripUseCase.swift; sourceTree = "<group>"; };
		B04382E62C87A40700AC21E4 /* DayObjectModel+toDay.swift */ = {isa = PBXFileReference; lastKnownFileType = sourcecode.swift; path = "DayObjectModel+toDay.swift"; sourceTree = "<group>"; };
		B04382E82C87B11700AC21E4 /* SaveDayUseCase.swift */ = {isa = PBXFileReference; lastKnownFileType = sourcecode.swift; path = SaveDayUseCase.swift; sourceTree = "<group>"; };
		B081EC282C8B79B100F26607 /* FetchTripUseCase-Delete.swift */ = {isa = PBXFileReference; lastKnownFileType = sourcecode.swift; path = "FetchTripUseCase-Delete.swift"; sourceTree = "<group>"; };
		B081EC2B2C8B81EE00F26607 /* PhotoDataProviderProtocol.swift */ = {isa = PBXFileReference; lastKnownFileType = sourcecode.swift; path = PhotoDataProviderProtocol.swift; sourceTree = "<group>"; };
		B081EC2D2C8B87E100F26607 /* CoverPhotoPickerView.swift */ = {isa = PBXFileReference; lastKnownFileType = sourcecode.swift; path = CoverPhotoPickerView.swift; sourceTree = "<group>"; };
		B081EC2F2C8BCE5700F26607 /* ContentSequenceViewModel.swift */ = {isa = PBXFileReference; lastKnownFileType = sourcecode.swift; path = ContentSequenceViewModel.swift; sourceTree = "<group>"; };
		B081EC312C8C90C500F26607 /* ContentObjectModel+toContentItem.swift */ = {isa = PBXFileReference; lastKnownFileType = sourcecode.swift; path = "ContentObjectModel+toContentItem.swift"; sourceTree = "<group>"; };
		B081EC332C8CACA100F26607 /* SaveContentUseCase.swift */ = {isa = PBXFileReference; lastKnownFileType = sourcecode.swift; path = SaveContentUseCase.swift; sourceTree = "<group>"; };
		B081EC352C8CD2DA00F26607 /* ContentView.swift */ = {isa = PBXFileReference; lastKnownFileType = sourcecode.swift; path = ContentView.swift; sourceTree = "<group>"; };
		B081EC372C8E3A9400F26607 /* TripHeaderView.swift */ = {isa = PBXFileReference; lastKnownFileType = sourcecode.swift; path = TripHeaderView.swift; sourceTree = "<group>"; };
		B081EC392C8E3C0D00F26607 /* TripSummaryView.swift */ = {isa = PBXFileReference; lastKnownFileType = sourcecode.swift; path = TripSummaryView.swift; sourceTree = "<group>"; };
		B081EC3C2C8E3CE100F26607 /* Preview-ViewTripTimelineUseCase.swift */ = {isa = PBXFileReference; lastKnownFileType = sourcecode.swift; path = "Preview-ViewTripTimelineUseCase.swift"; sourceTree = "<group>"; };
		B0D09E2B2C8F767A003AA492 /* DaySequenceItemView.swift */ = {isa = PBXFileReference; lastKnownFileType = sourcecode.swift; path = DaySequenceItemView.swift; sourceTree = "<group>"; };
		B0D09E2D2C8F854E003AA492 /* Calendar+daysBetween.swift */ = {isa = PBXFileReference; lastKnownFileType = sourcecode.swift; path = "Calendar+daysBetween.swift"; sourceTree = "<group>"; };
		B0D09E302C907F1D003AA492 /* BackButton.swift */ = {isa = PBXFileReference; lastKnownFileType = sourcecode.swift; path = BackButton.swift; sourceTree = "<group>"; };
		B0D09E322C907FCC003AA492 /* AddItemButton.swift */ = {isa = PBXFileReference; lastKnownFileType = sourcecode.swift; path = AddItemButton.swift; sourceTree = "<group>"; };
		B0D09E342C90802C003AA492 /* DeleteButton.swift */ = {isa = PBXFileReference; lastKnownFileType = sourcecode.swift; path = DeleteButton.swift; sourceTree = "<group>"; };
		B0D09E362C9080BF003AA492 /* CancelButton.swift */ = {isa = PBXFileReference; lastKnownFileType = sourcecode.swift; path = CancelButton.swift; sourceTree = "<group>"; };
		B0D09E382C908160003AA492 /* SaveButton.swift */ = {isa = PBXFileReference; lastKnownFileType = sourcecode.swift; path = SaveButton.swift; sourceTree = "<group>"; };
		B0D09E3A2C9081B4003AA492 /* EditItemButton.swift */ = {isa = PBXFileReference; lastKnownFileType = sourcecode.swift; path = EditItemButton.swift; sourceTree = "<group>"; };
		B0D09E3C2C90AD3E003AA492 /* ContentViewModel.swift */ = {isa = PBXFileReference; lastKnownFileType = sourcecode.swift; path = ContentViewModel.swift; sourceTree = "<group>"; };
		B0D09E3E2C91EBB0003AA492 /* ContentSequenceView.swift */ = {isa = PBXFileReference; lastKnownFileType = sourcecode.swift; path = ContentSequenceView.swift; sourceTree = "<group>"; };
		B0D09E402C91F075003AA492 /* DeleteContentUseCase.swift */ = {isa = PBXFileReference; lastKnownFileType = sourcecode.swift; path = DeleteContentUseCase.swift; sourceTree = "<group>"; };
		B0D09E422C9208AA003AA492 /* ImageLoadingView.swift */ = {isa = PBXFileReference; lastKnownFileType = sourcecode.swift; path = ImageLoadingView.swift; sourceTree = "<group>"; };
		B0D09E442C920960003AA492 /* ImageMissingView.swift */ = {isa = PBXFileReference; lastKnownFileType = sourcecode.swift; path = ImageMissingView.swift; sourceTree = "<group>"; };
		B0D09E462C960D27003AA492 /* DaySequenceView.swift */ = {isa = PBXFileReference; lastKnownFileType = sourcecode.swift; path = DaySequenceView.swift; sourceTree = "<group>"; };
		B0D09E482C961103003AA492 /* DayHeaderView.swift */ = {isa = PBXFileReference; lastKnownFileType = sourcecode.swift; path = DayHeaderView.swift; sourceTree = "<group>"; };
		B0D09E4D2C96152C003AA492 /* ContentTextView.swift */ = {isa = PBXFileReference; lastKnownFileType = sourcecode.swift; path = ContentTextView.swift; sourceTree = "<group>"; };
		B0D09E4F2C9615F3003AA492 /* ContentPhotoView.swift */ = {isa = PBXFileReference; lastKnownFileType = sourcecode.swift; path = ContentPhotoView.swift; sourceTree = "<group>"; };
		B0E534E02CADDA0900D23B8B /* ViewContentSequenceExampleUseCase.swift */ = {isa = PBXFileReference; lastKnownFileType = sourcecode.swift; path = ViewContentSequenceExampleUseCase.swift; sourceTree = "<group>"; };
		B0E534E22CB02B8000D23B8B /* SearchButton.swift */ = {isa = PBXFileReference; lastKnownFileType = sourcecode.swift; path = SearchButton.swift; sourceTree = "<group>"; };
		B0E534E42CB02BB400D23B8B /* ProfileButton.swift */ = {isa = PBXFileReference; lastKnownFileType = sourcecode.swift; path = ProfileButton.swift; sourceTree = "<group>"; };
		B0E534E62CB02CD600D23B8B /* TripYearView.swift */ = {isa = PBXFileReference; lastKnownFileType = sourcecode.swift; path = TripYearView.swift; sourceTree = "<group>"; };
		B0E534E82CB02D4500D23B8B /* TripYearHeaderView.swift */ = {isa = PBXFileReference; lastKnownFileType = sourcecode.swift; path = TripYearHeaderView.swift; sourceTree = "<group>"; };
		B0E534EB2CB809C100D23B8B /* ContentItem+ViewModel.swift */ = {isa = PBXFileReference; lastKnownFileType = sourcecode.swift; path = "ContentItem+ViewModel.swift"; sourceTree = "<group>"; };
		B0E534ED2CB80A0C00D23B8B /* Trip+ViewModel.swift */ = {isa = PBXFileReference; lastKnownFileType = sourcecode.swift; path = "Trip+ViewModel.swift"; sourceTree = "<group>"; };
		B0E534EF2CB80A3500D23B8B /* Day+ViewModel.swift */ = {isa = PBXFileReference; lastKnownFileType = sourcecode.swift; path = "Day+ViewModel.swift"; sourceTree = "<group>"; };
		B0E534F12CB80ABB00D23B8B /* TripUpdateDelegateProtocol.swift */ = {isa = PBXFileReference; lastKnownFileType = sourcecode.swift; path = TripUpdateDelegateProtocol.swift; sourceTree = "<group>"; };
		B0E534F32CBB47DC00D23B8B /* ContentChangeDelegateProtocol.swift */ = {isa = PBXFileReference; lastKnownFileType = sourcecode.swift; path = ContentChangeDelegateProtocol.swift; sourceTree = "<group>"; };
/* End PBXFileReference section */

/* Begin PBXFrameworksBuildPhase section */
		B04382582C7E216E00AC21E4 /* Frameworks */ = {
			isa = PBXFrameworksBuildPhase;
			buildActionMask = 2147483647;
			files = (
				B04382942C7F963F00AC21E4 /* RealmSwift in Frameworks */,
			);
			runOnlyForDeploymentPostprocessing = 0;
		};
		B04382B82C86318900AC21E4 /* Frameworks */ = {
			isa = PBXFrameworksBuildPhase;
			buildActionMask = 2147483647;
			files = (
			);
			runOnlyForDeploymentPostprocessing = 0;
		};
/* End PBXFrameworksBuildPhase section */

/* Begin PBXGroup section */
		B04382522C7E216E00AC21E4 = {
			isa = PBXGroup;
			children = (
				B043825D2C7E217000AC21E4 /* TripJournal */,
				B04382BC2C86318A00AC21E4 /* TripJournalUnitTests */,
				B043825C2C7E216F00AC21E4 /* Products */,
			);
			sourceTree = "<group>";
		};
		B043825C2C7E216F00AC21E4 /* Products */ = {
			isa = PBXGroup;
			children = (
				B043825B2C7E216F00AC21E4 /* TripJournal.app */,
				B04382BB2C86318900AC21E4 /* TripJournalUnitTests.xctest */,
			);
			name = Products;
			sourceTree = "<group>";
		};
		B043825D2C7E217000AC21E4 /* TripJournal */ = {
			isa = PBXGroup;
			children = (
				B04382832C7EC1BF00AC21E4 /* Extensions */,
				B043826C2C7E220000AC21E4 /* Models */,
				B04382A62C82644A00AC21E4 /* Services */,
				B04382752C7E319600AC21E4 /* Domain */,
				B043827E2C7E5EC400AC21E4 /* ViewModels */,
				B043827B2C7E45FE00AC21E4 /* Views */,
				B043825E2C7E217000AC21E4 /* TripJournalApp.swift */,
				B04382622C7E217500AC21E4 /* Assets.xcassets */,
				B04382642C7E217500AC21E4 /* Preview Content */,
			);
			path = TripJournal;
			sourceTree = "<group>";
		};
		B04382642C7E217500AC21E4 /* Preview Content */ = {
			isa = PBXGroup;
			children = (
				B081EC3B2C8E3CAF00F26607 /* UseCases */,
				B04382652C7E217500AC21E4 /* Preview Assets.xcassets */,
				B04382862C7EC70A00AC21E4 /* PreviewHelper.swift */,
			);
			path = "Preview Content";
			sourceTree = "<group>";
		};
		B043826C2C7E220000AC21E4 /* Models */ = {
			isa = PBXGroup;
			children = (
				B04382B42C85110F00AC21E4 /* DataMapping */,
				B04382952C7F96E100AC21E4 /* Realm Object Models */,
				B04382A22C7FAC6600AC21E4 /* RealmDataService.swift */,
			);
			path = Models;
			sourceTree = "<group>";
		};
		B04382752C7E319600AC21E4 /* Domain */ = {
			isa = PBXGroup;
			children = (
				B04382AE2C8502B300AC21E4 /* Entities */,
				B04382762C7E31AE00AC21E4 /* UseCases */,
			);
			path = Domain;
			sourceTree = "<group>";
		};
		B04382762C7E31AE00AC21E4 /* UseCases */ = {
			isa = PBXGroup;
			children = (
				B0E534EA2CB8099A00D23B8B /* Extentions */,
				B0E534DF2CADD98700D23B8B /* ContentUseCases */,
				B0E534DE2CADD96A00D23B8B /* DayUseCases */,
				B0E534DD2CADD93200D23B8B /* TripUseCases */,
				B04382B12C850F3B00AC21E4 /* Mocks */,
			);
			path = UseCases;
			sourceTree = "<group>";
		};
		B043827B2C7E45FE00AC21E4 /* Views */ = {
			isa = PBXGroup;
			children = (
				B0D09E512C9616B0003AA492 /* Shared */,
				B0D09E4A2C9614B6003AA492 /* Trips */,
				B0D09E4B2C9614E0003AA492 /* Days */,
				B0D09E4C2C961505003AA492 /* Content */,
			);
			path = Views;
			sourceTree = "<group>";
		};
		B043827E2C7E5EC400AC21E4 /* ViewModels */ = {
			isa = PBXGroup;
			children = (
				B081EC2A2C8B81CA00F26607 /* Protocols */,
				B04382792C7E3D5500AC21E4 /* TripSequenceViewModel.swift */,
				B043827F2C7E5EE400AC21E4 /* TripViewModel.swift */,
				B04382E22C879B1800AC21E4 /* DaySequenceViewModel.swift */,
				B043828A2C7F656700AC21E4 /* DayViewModel.swift */,
				B081EC2F2C8BCE5700F26607 /* ContentSequenceViewModel.swift */,
				B0D09E3C2C90AD3E003AA492 /* ContentViewModel.swift */,
			);
			path = ViewModels;
			sourceTree = "<group>";
		};
		B04382832C7EC1BF00AC21E4 /* Extensions */ = {
			isa = PBXGroup;
			children = (
				B04382842C7EC1F500AC21E4 /* Date+SecondsForDays.swift */,
				B0D09E2D2C8F854E003AA492 /* Calendar+daysBetween.swift */,
			);
			path = Extensions;
			sourceTree = "<group>";
		};
		B04382952C7F96E100AC21E4 /* Realm Object Models */ = {
			isa = PBXGroup;
			children = (
				B04382962C7F970900AC21E4 /* TripObjectModel.swift */,
				B043829A2C7F9A2D00AC21E4 /* DayObjectModel.swift */,
				B043829E2C7F9C8800AC21E4 /* ContentObjectModel.swift */,
			);
			path = "Realm Object Models";
			sourceTree = "<group>";
		};
		B04382A62C82644A00AC21E4 /* Services */ = {
			isa = PBXGroup;
			children = (
				B042C3BC2C88D67000674B5D /* ImageHelperService.swift */,
				B04382A72C82646A00AC21E4 /* Router.swift */,
			);
			path = Services;
			sourceTree = "<group>";
		};
		B04382AE2C8502B300AC21E4 /* Entities */ = {
			isa = PBXGroup;
			children = (
				B04382732C7E268600AC21E4 /* Trip.swift */,
				B043826F2C7E23F000AC21E4 /* Day.swift */,
				B043826D2C7E222E00AC21E4 /* ContentItem.swift */,
			);
			path = Entities;
			sourceTree = "<group>";
		};
		B04382B12C850F3B00AC21E4 /* Mocks */ = {
			isa = PBXGroup;
			children = (
				B04382B22C850F5600AC21E4 /* ViewTripTimelineExampleUseCase.swift */,
				B0E534E02CADDA0900D23B8B /* ViewContentSequenceExampleUseCase.swift */,
			);
			path = Mocks;
			sourceTree = "<group>";
		};
		B04382B42C85110F00AC21E4 /* DataMapping */ = {
			isa = PBXGroup;
			children = (
				B04382B52C85128F00AC21E4 /* TripObjectModel+toTrip.swift */,
				B04382E62C87A40700AC21E4 /* DayObjectModel+toDay.swift */,
				B081EC312C8C90C500F26607 /* ContentObjectModel+toContentItem.swift */,
			);
			path = DataMapping;
			sourceTree = "<group>";
		};
		B04382BC2C86318A00AC21E4 /* TripJournalUnitTests */ = {
			isa = PBXGroup;
			children = (
				B04382BD2C86318A00AC21E4 /* TripJournalUnitTests.swift */,
				B04382C42C8631C100AC21E4 /* TripSequence_Tests.swift */,
			);
			path = TripJournalUnitTests;
			sourceTree = "<group>";
		};
		B081EC2A2C8B81CA00F26607 /* Protocols */ = {
			isa = PBXGroup;
			children = (
				B081EC2B2C8B81EE00F26607 /* PhotoDataProviderProtocol.swift */,
				B0E534F12CB80ABB00D23B8B /* TripUpdateDelegateProtocol.swift */,
				B0E534F32CBB47DC00D23B8B /* ContentChangeDelegateProtocol.swift */,
			);
			path = Protocols;
			sourceTree = "<group>";
		};
		B081EC3B2C8E3CAF00F26607 /* UseCases */ = {
			isa = PBXGroup;
			children = (
				B081EC3C2C8E3CE100F26607 /* Preview-ViewTripTimelineUseCase.swift */,
			);
			path = UseCases;
			sourceTree = "<group>";
		};
		B0D09E2F2C907EDA003AA492 /* Buttons */ = {
			isa = PBXGroup;
			children = (
				B0D09E302C907F1D003AA492 /* BackButton.swift */,
				B0D09E322C907FCC003AA492 /* AddItemButton.swift */,
				B0D09E342C90802C003AA492 /* DeleteButton.swift */,
				B0D09E362C9080BF003AA492 /* CancelButton.swift */,
				B0D09E382C908160003AA492 /* SaveButton.swift */,
				B0D09E3A2C9081B4003AA492 /* EditItemButton.swift */,
				B0E534E22CB02B8000D23B8B /* SearchButton.swift */,
				B0E534E42CB02BB400D23B8B /* ProfileButton.swift */,
			);
			path = Buttons;
			sourceTree = "<group>";
		};
		B0D09E4A2C9614B6003AA492 /* Trips */ = {
			isa = PBXGroup;
			children = (
				B04382602C7E217000AC21E4 /* TripTimelineView.swift */,
				B0E534E82CB02D4500D23B8B /* TripYearHeaderView.swift */,
				B0E534E62CB02CD600D23B8B /* TripYearView.swift */,
				B081EC392C8E3C0D00F26607 /* TripSummaryView.swift */,
				B043827C2C7E5C7E00AC21E4 /* TripView.swift */,
				B081EC372C8E3A9400F26607 /* TripHeaderView.swift */,
			);
			path = Trips;
			sourceTree = "<group>";
		};
		B0D09E4B2C9614E0003AA492 /* Days */ = {
			isa = PBXGroup;
			children = (
				B0D09E462C960D27003AA492 /* DaySequenceView.swift */,
				B04382882C7ED19800AC21E4 /* DayView.swift */,
				B0D09E482C961103003AA492 /* DayHeaderView.swift */,
				B0D09E2B2C8F767A003AA492 /* DaySequenceItemView.swift */,
			);
			path = Days;
			sourceTree = "<group>";
		};
		B0D09E4C2C961505003AA492 /* Content */ = {
			isa = PBXGroup;
			children = (
				B0D09E3E2C91EBB0003AA492 /* ContentSequenceView.swift */,
				B081EC352C8CD2DA00F26607 /* ContentView.swift */,
				B0D09E4F2C9615F3003AA492 /* ContentPhotoView.swift */,
				B0D09E4D2C96152C003AA492 /* ContentTextView.swift */,
			);
			path = Content;
			sourceTree = "<group>";
		};
		B0D09E512C9616B0003AA492 /* Shared */ = {
			isa = PBXGroup;
			children = (
				B0D09E2F2C907EDA003AA492 /* Buttons */,
				B081EC2D2C8B87E100F26607 /* CoverPhotoPickerView.swift */,
				B0D09E422C9208AA003AA492 /* ImageLoadingView.swift */,
				B0D09E442C920960003AA492 /* ImageMissingView.swift */,
			);
			path = Shared;
			sourceTree = "<group>";
		};
		B0E534DD2CADD93200D23B8B /* TripUseCases */ = {
			isa = PBXGroup;
			children = (
				B04382772C7E31E900AC21E4 /* ViewTripTimelineUseCase.swift */,
				B04382E42C879C4800AC21E4 /* DeleteTripUseCase.swift */,
				B081EC282C8B79B100F26607 /* FetchTripUseCase-Delete.swift */,
				B043828E2C7F703E00AC21E4 /* SaveTripUseCase.swift */,
			);
			path = TripUseCases;
			sourceTree = "<group>";
		};
		B0E534DE2CADD96A00D23B8B /* DayUseCases */ = {
			isa = PBXGroup;
			children = (
				B04382812C7E5F7F00AC21E4 /* ViewDaySequenceUseCase.swift */,
				B04382E82C87B11700AC21E4 /* SaveDayUseCase.swift */,
				B042C3B82C88A6A200674B5D /* DeleteDayUseCase.swift */,
			);
			path = DayUseCases;
			sourceTree = "<group>";
		};
		B0E534DF2CADD98700D23B8B /* ContentUseCases */ = {
			isa = PBXGroup;
			children = (
				B043828C2C7F659C00AC21E4 /* ViewContentSequenceUseCase.swift */,
				B081EC332C8CACA100F26607 /* SaveContentUseCase.swift */,
				B0D09E402C91F075003AA492 /* DeleteContentUseCase.swift */,
			);
			path = ContentUseCases;
			sourceTree = "<group>";
		};
		B0E534EA2CB8099A00D23B8B /* Extentions */ = {
			isa = PBXGroup;
			children = (
				B0E534EB2CB809C100D23B8B /* ContentItem+ViewModel.swift */,
				B0E534ED2CB80A0C00D23B8B /* Trip+ViewModel.swift */,
				B0E534EF2CB80A3500D23B8B /* Day+ViewModel.swift */,
			);
			path = Extentions;
			sourceTree = "<group>";
		};
/* End PBXGroup section */

/* Begin PBXNativeTarget section */
		B043825A2C7E216E00AC21E4 /* TripJournal */ = {
			isa = PBXNativeTarget;
			buildConfigurationList = B04382692C7E217500AC21E4 /* Build configuration list for PBXNativeTarget "TripJournal" */;
			buildPhases = (
				B04382572C7E216E00AC21E4 /* Sources */,
				B04382582C7E216E00AC21E4 /* Frameworks */,
				B04382592C7E216E00AC21E4 /* Resources */,
			);
			buildRules = (
			);
			dependencies = (
			);
			name = TripJournal;
			packageProductDependencies = (
				B04382932C7F963F00AC21E4 /* RealmSwift */,
			);
			productName = TripJournal;
			productReference = B043825B2C7E216F00AC21E4 /* TripJournal.app */;
			productType = "com.apple.product-type.application";
		};
		B04382BA2C86318900AC21E4 /* TripJournalUnitTests */ = {
			isa = PBXNativeTarget;
			buildConfigurationList = B04382C12C86318A00AC21E4 /* Build configuration list for PBXNativeTarget "TripJournalUnitTests" */;
			buildPhases = (
				B04382B72C86318900AC21E4 /* Sources */,
				B04382B82C86318900AC21E4 /* Frameworks */,
				B04382B92C86318900AC21E4 /* Resources */,
			);
			buildRules = (
			);
			dependencies = (
				B04382C02C86318A00AC21E4 /* PBXTargetDependency */,
			);
			name = TripJournalUnitTests;
			productName = TripJournalUnitTests;
			productReference = B04382BB2C86318900AC21E4 /* TripJournalUnitTests.xctest */;
			productType = "com.apple.product-type.bundle.unit-test";
		};
/* End PBXNativeTarget section */

/* Begin PBXProject section */
		B04382532C7E216E00AC21E4 /* Project object */ = {
			isa = PBXProject;
			attributes = {
				BuildIndependentTargetsInParallel = 1;
				LastSwiftUpdateCheck = 1540;
				LastUpgradeCheck = 1540;
				TargetAttributes = {
					B043825A2C7E216E00AC21E4 = {
						CreatedOnToolsVersion = 15.4;
					};
					B04382BA2C86318900AC21E4 = {
						CreatedOnToolsVersion = 15.4;
						TestTargetID = B043825A2C7E216E00AC21E4;
					};
				};
			};
			buildConfigurationList = B04382562C7E216E00AC21E4 /* Build configuration list for PBXProject "TripJournal" */;
			compatibilityVersion = "Xcode 14.0";
			developmentRegion = en;
			hasScannedForEncodings = 0;
			knownRegions = (
				en,
				Base,
			);
			mainGroup = B04382522C7E216E00AC21E4;
			packageReferences = (
				B04382902C7F963F00AC21E4 /* XCRemoteSwiftPackageReference "realm-swift" */,
			);
			productRefGroup = B043825C2C7E216F00AC21E4 /* Products */;
			projectDirPath = "";
			projectRoot = "";
			targets = (
				B043825A2C7E216E00AC21E4 /* TripJournal */,
				B04382BA2C86318900AC21E4 /* TripJournalUnitTests */,
			);
		};
/* End PBXProject section */

/* Begin PBXResourcesBuildPhase section */
		B04382592C7E216E00AC21E4 /* Resources */ = {
			isa = PBXResourcesBuildPhase;
			buildActionMask = 2147483647;
			files = (
				B04382662C7E217500AC21E4 /* Preview Assets.xcassets in Resources */,
				B04382632C7E217500AC21E4 /* Assets.xcassets in Resources */,
			);
			runOnlyForDeploymentPostprocessing = 0;
		};
		B04382B92C86318900AC21E4 /* Resources */ = {
			isa = PBXResourcesBuildPhase;
			buildActionMask = 2147483647;
			files = (
			);
			runOnlyForDeploymentPostprocessing = 0;
		};
/* End PBXResourcesBuildPhase section */

/* Begin PBXSourcesBuildPhase section */
		B04382572C7E216E00AC21E4 /* Sources */ = {
			isa = PBXSourcesBuildPhase;
			buildActionMask = 2147483647;
			files = (
				B04382A82C82646A00AC21E4 /* Router.swift in Sources */,
				B081EC2E2C8B87E100F26607 /* CoverPhotoPickerView.swift in Sources */,
				B0E534F42CBB47DD00D23B8B /* ContentChangeDelegateProtocol.swift in Sources */,
				B0E534E32CB02B8000D23B8B /* SearchButton.swift in Sources */,
				B0E534F02CB80A3500D23B8B /* Day+ViewModel.swift in Sources */,
				B04382872C7EC70A00AC21E4 /* PreviewHelper.swift in Sources */,
				B04382782C7E31E900AC21E4 /* ViewTripTimelineUseCase.swift in Sources */,
				B0E534EC2CB809C100D23B8B /* ContentItem+ViewModel.swift in Sources */,
				B0E534E92CB02D4500D23B8B /* TripYearHeaderView.swift in Sources */,
				B04382E72C87A40800AC21E4 /* DayObjectModel+toDay.swift in Sources */,
				B042C3B92C88A6A200674B5D /* DeleteDayUseCase.swift in Sources */,
				B04382802C7E5EE400AC21E4 /* TripViewModel.swift in Sources */,
				B04382742C7E268600AC21E4 /* Trip.swift in Sources */,
				B081EC362C8CD2DA00F26607 /* ContentView.swift in Sources */,
				B0D09E2C2C8F767A003AA492 /* DaySequenceItemView.swift in Sources */,
				B043828F2C7F703E00AC21E4 /* SaveTripUseCase.swift in Sources */,
				B0D09E502C9615F3003AA492 /* ContentPhotoView.swift in Sources */,
				B0D09E372C9080BF003AA492 /* CancelButton.swift in Sources */,
				B04382612C7E217000AC21E4 /* TripTimelineView.swift in Sources */,
				B0D09E432C9208AA003AA492 /* ImageLoadingView.swift in Sources */,
				B0E534F22CB80ABB00D23B8B /* TripUpdateDelegateProtocol.swift in Sources */,
				B0D09E3B2C9081B4003AA492 /* EditItemButton.swift in Sources */,
				B04382852C7EC1F500AC21E4 /* Date+SecondsForDays.swift in Sources */,
				B0D09E3F2C91EBB0003AA492 /* ContentSequenceView.swift in Sources */,
				B043828D2C7F659C00AC21E4 /* ViewContentSequenceUseCase.swift in Sources */,
				B0D09E352C90802C003AA492 /* DeleteButton.swift in Sources */,
				B081EC322C8C90C500F26607 /* ContentObjectModel+toContentItem.swift in Sources */,
				B081EC3D2C8E3CE100F26607 /* Preview-ViewTripTimelineUseCase.swift in Sources */,
				B043825F2C7E217000AC21E4 /* TripJournalApp.swift in Sources */,
				B04382892C7ED19800AC21E4 /* DayView.swift in Sources */,
				B0E534E12CADDA0900D23B8B /* ViewContentSequenceExampleUseCase.swift in Sources */,
				B0D09E312C907F1D003AA492 /* BackButton.swift in Sources */,
				B0E534E52CB02BB400D23B8B /* ProfileButton.swift in Sources */,
				B081EC342C8CACA100F26607 /* SaveContentUseCase.swift in Sources */,
				B04382E92C87B11700AC21E4 /* SaveDayUseCase.swift in Sources */,
				B0D09E412C91F075003AA492 /* DeleteContentUseCase.swift in Sources */,
				B043827A2C7E3D5500AC21E4 /* TripSequenceViewModel.swift in Sources */,
				B0D09E332C907FCC003AA492 /* AddItemButton.swift in Sources */,
				B0D09E2E2C8F854E003AA492 /* Calendar+daysBetween.swift in Sources */,
				B0D09E392C908160003AA492 /* SaveButton.swift in Sources */,
				B04382972C7F970900AC21E4 /* TripObjectModel.swift in Sources */,
				B043829F2C7F9C8800AC21E4 /* ContentObjectModel.swift in Sources */,
				B081EC302C8BCE5700F26607 /* ContentSequenceViewModel.swift in Sources */,
				B0D09E4E2C96152C003AA492 /* ContentTextView.swift in Sources */,
				B043827D2C7E5C7E00AC21E4 /* TripView.swift in Sources */,
				B04382B62C85129000AC21E4 /* TripObjectModel+toTrip.swift in Sources */,
				B043828B2C7F656700AC21E4 /* DayViewModel.swift in Sources */,
				B04382822C7E5F7F00AC21E4 /* ViewDaySequenceUseCase.swift in Sources */,
				B0E534EE2CB80A0C00D23B8B /* Trip+ViewModel.swift in Sources */,
				B04382E52C879C4800AC21E4 /* DeleteTripUseCase.swift in Sources */,
				B0E534E72CB02CD600D23B8B /* TripYearView.swift in Sources */,
				B0D09E472C960D27003AA492 /* DaySequenceView.swift in Sources */,
				B0D09E452C920960003AA492 /* ImageMissingView.swift in Sources */,
				B04382A32C7FAC6600AC21E4 /* RealmDataService.swift in Sources */,
				B0D09E3D2C90AD3E003AA492 /* ContentViewModel.swift in Sources */,
				B043829B2C7F9A2D00AC21E4 /* DayObjectModel.swift in Sources */,
				B04382702C7E23F000AC21E4 /* Day.swift in Sources */,
				B081EC3A2C8E3C0D00F26607 /* TripSummaryView.swift in Sources */,
				B081EC382C8E3A9400F26607 /* TripHeaderView.swift in Sources */,
				B042C3BD2C88D67000674B5D /* ImageHelperService.swift in Sources */,
				B081EC292C8B79B100F26607 /* FetchTripUseCase-Delete.swift in Sources */,
				B04382E32C879B1900AC21E4 /* DaySequenceViewModel.swift in Sources */,
				B043826E2C7E222E00AC21E4 /* ContentItem.swift in Sources */,
				B04382B32C850F5600AC21E4 /* ViewTripTimelineExampleUseCase.swift in Sources */,
				B0D09E492C961103003AA492 /* DayHeaderView.swift in Sources */,
				B081EC2C2C8B81EE00F26607 /* PhotoDataProviderProtocol.swift in Sources */,
			);
			runOnlyForDeploymentPostprocessing = 0;
		};
		B04382B72C86318900AC21E4 /* Sources */ = {
			isa = PBXSourcesBuildPhase;
			buildActionMask = 2147483647;
			files = (
				B04382BE2C86318A00AC21E4 /* TripJournalUnitTests.swift in Sources */,
				B04382C52C8631C100AC21E4 /* TripSequence_Tests.swift in Sources */,
			);
			runOnlyForDeploymentPostprocessing = 0;
		};
/* End PBXSourcesBuildPhase section */

/* Begin PBXTargetDependency section */
		B04382C02C86318A00AC21E4 /* PBXTargetDependency */ = {
			isa = PBXTargetDependency;
			target = B043825A2C7E216E00AC21E4 /* TripJournal */;
			targetProxy = B04382BF2C86318A00AC21E4 /* PBXContainerItemProxy */;
		};
/* End PBXTargetDependency section */

/* Begin XCBuildConfiguration section */
		B04382672C7E217500AC21E4 /* Debug */ = {
			isa = XCBuildConfiguration;
			buildSettings = {
				ALWAYS_SEARCH_USER_PATHS = NO;
				ASSETCATALOG_COMPILER_GENERATE_SWIFT_ASSET_SYMBOL_EXTENSIONS = YES;
				CLANG_ANALYZER_NONNULL = YES;
				CLANG_ANALYZER_NUMBER_OBJECT_CONVERSION = YES_AGGRESSIVE;
				CLANG_CXX_LANGUAGE_STANDARD = "gnu++20";
				CLANG_ENABLE_MODULES = YES;
				CLANG_ENABLE_OBJC_ARC = YES;
				CLANG_ENABLE_OBJC_WEAK = YES;
				CLANG_WARN_BLOCK_CAPTURE_AUTORELEASING = YES;
				CLANG_WARN_BOOL_CONVERSION = YES;
				CLANG_WARN_COMMA = YES;
				CLANG_WARN_CONSTANT_CONVERSION = YES;
				CLANG_WARN_DEPRECATED_OBJC_IMPLEMENTATIONS = YES;
				CLANG_WARN_DIRECT_OBJC_ISA_USAGE = YES_ERROR;
				CLANG_WARN_DOCUMENTATION_COMMENTS = YES;
				CLANG_WARN_EMPTY_BODY = YES;
				CLANG_WARN_ENUM_CONVERSION = YES;
				CLANG_WARN_INFINITE_RECURSION = YES;
				CLANG_WARN_INT_CONVERSION = YES;
				CLANG_WARN_NON_LITERAL_NULL_CONVERSION = YES;
				CLANG_WARN_OBJC_IMPLICIT_RETAIN_SELF = YES;
				CLANG_WARN_OBJC_LITERAL_CONVERSION = YES;
				CLANG_WARN_OBJC_ROOT_CLASS = YES_ERROR;
				CLANG_WARN_QUOTED_INCLUDE_IN_FRAMEWORK_HEADER = YES;
				CLANG_WARN_RANGE_LOOP_ANALYSIS = YES;
				CLANG_WARN_STRICT_PROTOTYPES = YES;
				CLANG_WARN_SUSPICIOUS_MOVE = YES;
				CLANG_WARN_UNGUARDED_AVAILABILITY = YES_AGGRESSIVE;
				CLANG_WARN_UNREACHABLE_CODE = YES;
				CLANG_WARN__DUPLICATE_METHOD_MATCH = YES;
				COPY_PHASE_STRIP = NO;
				DEBUG_INFORMATION_FORMAT = dwarf;
				ENABLE_STRICT_OBJC_MSGSEND = YES;
				ENABLE_TESTABILITY = YES;
				ENABLE_USER_SCRIPT_SANDBOXING = YES;
				GCC_C_LANGUAGE_STANDARD = gnu17;
				GCC_DYNAMIC_NO_PIC = NO;
				GCC_NO_COMMON_BLOCKS = YES;
				GCC_OPTIMIZATION_LEVEL = 0;
				GCC_PREPROCESSOR_DEFINITIONS = (
					"DEBUG=1",
					"$(inherited)",
				);
				GCC_WARN_64_TO_32_BIT_CONVERSION = YES;
				GCC_WARN_ABOUT_RETURN_TYPE = YES_ERROR;
				GCC_WARN_UNDECLARED_SELECTOR = YES;
				GCC_WARN_UNINITIALIZED_AUTOS = YES_AGGRESSIVE;
				GCC_WARN_UNUSED_FUNCTION = YES;
				GCC_WARN_UNUSED_VARIABLE = YES;
				IPHONEOS_DEPLOYMENT_TARGET = 17.5;
				LOCALIZATION_PREFERS_STRING_CATALOGS = YES;
				MTL_ENABLE_DEBUG_INFO = INCLUDE_SOURCE;
				MTL_FAST_MATH = YES;
				ONLY_ACTIVE_ARCH = YES;
				SDKROOT = iphoneos;
				SWIFT_ACTIVE_COMPILATION_CONDITIONS = "DEBUG $(inherited)";
				SWIFT_OPTIMIZATION_LEVEL = "-Onone";
			};
			name = Debug;
		};
		B04382682C7E217500AC21E4 /* Release */ = {
			isa = XCBuildConfiguration;
			buildSettings = {
				ALWAYS_SEARCH_USER_PATHS = NO;
				ASSETCATALOG_COMPILER_GENERATE_SWIFT_ASSET_SYMBOL_EXTENSIONS = YES;
				CLANG_ANALYZER_NONNULL = YES;
				CLANG_ANALYZER_NUMBER_OBJECT_CONVERSION = YES_AGGRESSIVE;
				CLANG_CXX_LANGUAGE_STANDARD = "gnu++20";
				CLANG_ENABLE_MODULES = YES;
				CLANG_ENABLE_OBJC_ARC = YES;
				CLANG_ENABLE_OBJC_WEAK = YES;
				CLANG_WARN_BLOCK_CAPTURE_AUTORELEASING = YES;
				CLANG_WARN_BOOL_CONVERSION = YES;
				CLANG_WARN_COMMA = YES;
				CLANG_WARN_CONSTANT_CONVERSION = YES;
				CLANG_WARN_DEPRECATED_OBJC_IMPLEMENTATIONS = YES;
				CLANG_WARN_DIRECT_OBJC_ISA_USAGE = YES_ERROR;
				CLANG_WARN_DOCUMENTATION_COMMENTS = YES;
				CLANG_WARN_EMPTY_BODY = YES;
				CLANG_WARN_ENUM_CONVERSION = YES;
				CLANG_WARN_INFINITE_RECURSION = YES;
				CLANG_WARN_INT_CONVERSION = YES;
				CLANG_WARN_NON_LITERAL_NULL_CONVERSION = YES;
				CLANG_WARN_OBJC_IMPLICIT_RETAIN_SELF = YES;
				CLANG_WARN_OBJC_LITERAL_CONVERSION = YES;
				CLANG_WARN_OBJC_ROOT_CLASS = YES_ERROR;
				CLANG_WARN_QUOTED_INCLUDE_IN_FRAMEWORK_HEADER = YES;
				CLANG_WARN_RANGE_LOOP_ANALYSIS = YES;
				CLANG_WARN_STRICT_PROTOTYPES = YES;
				CLANG_WARN_SUSPICIOUS_MOVE = YES;
				CLANG_WARN_UNGUARDED_AVAILABILITY = YES_AGGRESSIVE;
				CLANG_WARN_UNREACHABLE_CODE = YES;
				CLANG_WARN__DUPLICATE_METHOD_MATCH = YES;
				COPY_PHASE_STRIP = NO;
				DEBUG_INFORMATION_FORMAT = "dwarf-with-dsym";
				ENABLE_NS_ASSERTIONS = NO;
				ENABLE_STRICT_OBJC_MSGSEND = YES;
				ENABLE_USER_SCRIPT_SANDBOXING = YES;
				GCC_C_LANGUAGE_STANDARD = gnu17;
				GCC_NO_COMMON_BLOCKS = YES;
				GCC_WARN_64_TO_32_BIT_CONVERSION = YES;
				GCC_WARN_ABOUT_RETURN_TYPE = YES_ERROR;
				GCC_WARN_UNDECLARED_SELECTOR = YES;
				GCC_WARN_UNINITIALIZED_AUTOS = YES_AGGRESSIVE;
				GCC_WARN_UNUSED_FUNCTION = YES;
				GCC_WARN_UNUSED_VARIABLE = YES;
				IPHONEOS_DEPLOYMENT_TARGET = 17.5;
				LOCALIZATION_PREFERS_STRING_CATALOGS = YES;
				MTL_ENABLE_DEBUG_INFO = NO;
				MTL_FAST_MATH = YES;
				SDKROOT = iphoneos;
				SWIFT_COMPILATION_MODE = wholemodule;
				VALIDATE_PRODUCT = YES;
			};
			name = Release;
		};
		B043826A2C7E217500AC21E4 /* Debug */ = {
			isa = XCBuildConfiguration;
			buildSettings = {
				ASSETCATALOG_COMPILER_APPICON_NAME = AppIcon;
				ASSETCATALOG_COMPILER_GLOBAL_ACCENT_COLOR_NAME = AccentColor;
				CODE_SIGN_STYLE = Automatic;
				CURRENT_PROJECT_VERSION = 1;
				DEVELOPMENT_ASSET_PATHS = "\"TripJournal/Preview Content\"";
				DEVELOPMENT_TEAM = A32G58NZ3G;
				ENABLE_PREVIEWS = YES;
				GENERATE_INFOPLIST_FILE = YES;
				INFOPLIST_KEY_UIApplicationSceneManifest_Generation = YES;
				INFOPLIST_KEY_UIApplicationSupportsIndirectInputEvents = YES;
				INFOPLIST_KEY_UILaunchScreen_Generation = YES;
				INFOPLIST_KEY_UISupportedInterfaceOrientations_iPad = "UIInterfaceOrientationPortrait UIInterfaceOrientationPortraitUpsideDown UIInterfaceOrientationLandscapeLeft UIInterfaceOrientationLandscapeRight";
				INFOPLIST_KEY_UISupportedInterfaceOrientations_iPhone = "UIInterfaceOrientationPortrait UIInterfaceOrientationLandscapeLeft UIInterfaceOrientationLandscapeRight";
				LD_RUNPATH_SEARCH_PATHS = (
					"$(inherited)",
					"@executable_path/Frameworks",
				);
				MARKETING_VERSION = 1.0;
				PRODUCT_BUNDLE_IDENTIFIER = com.ericasampson.TripJournal;
				PRODUCT_NAME = "$(TARGET_NAME)";
				SWIFT_EMIT_LOC_STRINGS = YES;
				SWIFT_VERSION = 5.0;
				TARGETED_DEVICE_FAMILY = "1,2";
			};
			name = Debug;
		};
		B043826B2C7E217500AC21E4 /* Release */ = {
			isa = XCBuildConfiguration;
			buildSettings = {
				ASSETCATALOG_COMPILER_APPICON_NAME = AppIcon;
				ASSETCATALOG_COMPILER_GLOBAL_ACCENT_COLOR_NAME = AccentColor;
				CODE_SIGN_STYLE = Automatic;
				CURRENT_PROJECT_VERSION = 1;
				DEVELOPMENT_ASSET_PATHS = "\"TripJournal/Preview Content\"";
				DEVELOPMENT_TEAM = A32G58NZ3G;
				ENABLE_PREVIEWS = YES;
				GENERATE_INFOPLIST_FILE = YES;
				INFOPLIST_KEY_UIApplicationSceneManifest_Generation = YES;
				INFOPLIST_KEY_UIApplicationSupportsIndirectInputEvents = YES;
				INFOPLIST_KEY_UILaunchScreen_Generation = YES;
				INFOPLIST_KEY_UISupportedInterfaceOrientations_iPad = "UIInterfaceOrientationPortrait UIInterfaceOrientationPortraitUpsideDown UIInterfaceOrientationLandscapeLeft UIInterfaceOrientationLandscapeRight";
				INFOPLIST_KEY_UISupportedInterfaceOrientations_iPhone = "UIInterfaceOrientationPortrait UIInterfaceOrientationLandscapeLeft UIInterfaceOrientationLandscapeRight";
				LD_RUNPATH_SEARCH_PATHS = (
					"$(inherited)",
					"@executable_path/Frameworks",
				);
				MARKETING_VERSION = 1.0;
				PRODUCT_BUNDLE_IDENTIFIER = com.ericasampson.TripJournal;
				PRODUCT_NAME = "$(TARGET_NAME)";
				SWIFT_EMIT_LOC_STRINGS = YES;
				SWIFT_VERSION = 5.0;
				TARGETED_DEVICE_FAMILY = "1,2";
			};
			name = Release;
		};
		B04382C22C86318A00AC21E4 /* Debug */ = {
			isa = XCBuildConfiguration;
			buildSettings = {
				BUNDLE_LOADER = "$(TEST_HOST)";
				CODE_SIGN_STYLE = Automatic;
				CURRENT_PROJECT_VERSION = 1;
				DEVELOPMENT_TEAM = A32G58NZ3G;
				GENERATE_INFOPLIST_FILE = YES;
				MARKETING_VERSION = 1.0;
				PRODUCT_BUNDLE_IDENTIFIER = com.ericasampson.TripJournalUnitTests;
				PRODUCT_NAME = "$(TARGET_NAME)";
				SWIFT_EMIT_LOC_STRINGS = NO;
				SWIFT_VERSION = 5.0;
				TARGETED_DEVICE_FAMILY = "1,2";
				TEST_HOST = "$(BUILT_PRODUCTS_DIR)/TripJournal.app/$(BUNDLE_EXECUTABLE_FOLDER_PATH)/TripJournal";
			};
			name = Debug;
		};
		B04382C32C86318A00AC21E4 /* Release */ = {
			isa = XCBuildConfiguration;
			buildSettings = {
				BUNDLE_LOADER = "$(TEST_HOST)";
				CODE_SIGN_STYLE = Automatic;
				CURRENT_PROJECT_VERSION = 1;
				DEVELOPMENT_TEAM = A32G58NZ3G;
				GENERATE_INFOPLIST_FILE = YES;
				MARKETING_VERSION = 1.0;
				PRODUCT_BUNDLE_IDENTIFIER = com.ericasampson.TripJournalUnitTests;
				PRODUCT_NAME = "$(TARGET_NAME)";
				SWIFT_EMIT_LOC_STRINGS = NO;
				SWIFT_VERSION = 5.0;
				TARGETED_DEVICE_FAMILY = "1,2";
				TEST_HOST = "$(BUILT_PRODUCTS_DIR)/TripJournal.app/$(BUNDLE_EXECUTABLE_FOLDER_PATH)/TripJournal";
			};
			name = Release;
		};
/* End XCBuildConfiguration section */

/* Begin XCConfigurationList section */
		B04382562C7E216E00AC21E4 /* Build configuration list for PBXProject "TripJournal" */ = {
			isa = XCConfigurationList;
			buildConfigurations = (
				B04382672C7E217500AC21E4 /* Debug */,
				B04382682C7E217500AC21E4 /* Release */,
			);
			defaultConfigurationIsVisible = 0;
			defaultConfigurationName = Release;
		};
		B04382692C7E217500AC21E4 /* Build configuration list for PBXNativeTarget "TripJournal" */ = {
			isa = XCConfigurationList;
			buildConfigurations = (
				B043826A2C7E217500AC21E4 /* Debug */,
				B043826B2C7E217500AC21E4 /* Release */,
			);
			defaultConfigurationIsVisible = 0;
			defaultConfigurationName = Release;
		};
		B04382C12C86318A00AC21E4 /* Build configuration list for PBXNativeTarget "TripJournalUnitTests" */ = {
			isa = XCConfigurationList;
			buildConfigurations = (
				B04382C22C86318A00AC21E4 /* Debug */,
				B04382C32C86318A00AC21E4 /* Release */,
			);
			defaultConfigurationIsVisible = 0;
			defaultConfigurationName = Release;
		};
/* End XCConfigurationList section */

/* Begin XCRemoteSwiftPackageReference section */
		B04382902C7F963F00AC21E4 /* XCRemoteSwiftPackageReference "realm-swift" */ = {
			isa = XCRemoteSwiftPackageReference;
			repositoryURL = "https://github.com/realm/realm-swift";
			requirement = {
				branch = master;
				kind = branch;
			};
		};
/* End XCRemoteSwiftPackageReference section */

/* Begin XCSwiftPackageProductDependency section */
		B04382932C7F963F00AC21E4 /* RealmSwift */ = {
			isa = XCSwiftPackageProductDependency;
			package = B04382902C7F963F00AC21E4 /* XCRemoteSwiftPackageReference "realm-swift" */;
			productName = RealmSwift;
		};
/* End XCSwiftPackageProductDependency section */
	};
	rootObject = B04382532C7E216E00AC21E4 /* Project object */;
}
